// !$*UTF8*$!
{
	archiveVersion = 1;
	classes = {
	};
	objectVersion = 55;
	objects = {

/* Begin PBXBuildFile section */
		04F1693D2AB42E080045E303 /* AppDelegate.swift in Sources */ = {isa = PBXBuildFile; fileRef = 04F1693C2AB42E080045E303 /* AppDelegate.swift */; };
		04F1693F2AB42E080045E303 /* SceneDelegate.swift in Sources */ = {isa = PBXBuildFile; fileRef = 04F1693E2AB42E080045E303 /* SceneDelegate.swift */; };
		04F169412AB42E080045E303 /* ViewController.swift in Sources */ = {isa = PBXBuildFile; fileRef = 04F169402AB42E080045E303 /* ViewController.swift */; };
		04F169442AB42E080045E303 /* Main.storyboard in Resources */ = {isa = PBXBuildFile; fileRef = 04F169422AB42E080045E303 /* Main.storyboard */; };
		04F169462AB42E0A0045E303 /* Assets.xcassets in Resources */ = {isa = PBXBuildFile; fileRef = 04F169452AB42E0A0045E303 /* Assets.xcassets */; };
		04F169492AB42E0A0045E303 /* LaunchScreen.storyboard in Resources */ = {isa = PBXBuildFile; fileRef = 04F169472AB42E0A0045E303 /* LaunchScreen.storyboard */; };
		2CBE4155433FBD4EC8532606 /* Pods_DemoJenkins.framework in Frameworks */ = {isa = PBXBuildFile; fileRef = 8FF8C6A0DB0A4BEFCE97FD41 /* Pods_DemoJenkins.framework */; };
/* End PBXBuildFile section */

/* Begin PBXFileReference section */
		04F169392AB42E080045E303 /* DemoJenkins.app */ = {isa = PBXFileReference; explicitFileType = wrapper.application; includeInIndex = 0; path = DemoJenkins.app; sourceTree = BUILT_PRODUCTS_DIR; };
		04F1693C2AB42E080045E303 /* AppDelegate.swift */ = {isa = PBXFileReference; lastKnownFileType = sourcecode.swift; path = AppDelegate.swift; sourceTree = "<group>"; };
		04F1693E2AB42E080045E303 /* SceneDelegate.swift */ = {isa = PBXFileReference; lastKnownFileType = sourcecode.swift; path = SceneDelegate.swift; sourceTree = "<group>"; };
		04F169402AB42E080045E303 /* ViewController.swift */ = {isa = PBXFileReference; lastKnownFileType = sourcecode.swift; path = ViewController.swift; sourceTree = "<group>"; };
		04F169432AB42E080045E303 /* Base */ = {isa = PBXFileReference; lastKnownFileType = file.storyboard; name = Base; path = Base.lproj/Main.storyboard; sourceTree = "<group>"; };
		04F169452AB42E0A0045E303 /* Assets.xcassets */ = {isa = PBXFileReference; lastKnownFileType = folder.assetcatalog; path = Assets.xcassets; sourceTree = "<group>"; };
		04F169482AB42E0A0045E303 /* Base */ = {isa = PBXFileReference; lastKnownFileType = file.storyboard; name = Base; path = Base.lproj/LaunchScreen.storyboard; sourceTree = "<group>"; };
		04F1694A2AB42E0A0045E303 /* Info.plist */ = {isa = PBXFileReference; lastKnownFileType = text.plist.xml; path = Info.plist; sourceTree = "<group>"; };
		067E7776EBE11D35D9A9E398 /* Pods-DemoJenkins.release.xcconfig */ = {isa = PBXFileReference; includeInIndex = 1; lastKnownFileType = text.xcconfig; name = "Pods-DemoJenkins.release.xcconfig"; path = "Target Support Files/Pods-DemoJenkins/Pods-DemoJenkins.release.xcconfig"; sourceTree = "<group>"; };
		484F7A581E6E6B24EA75F8B2 /* Pods-DemoJenkins.debug.xcconfig */ = {isa = PBXFileReference; includeInIndex = 1; lastKnownFileType = text.xcconfig; name = "Pods-DemoJenkins.debug.xcconfig"; path = "Target Support Files/Pods-DemoJenkins/Pods-DemoJenkins.debug.xcconfig"; sourceTree = "<group>"; };
		8FF8C6A0DB0A4BEFCE97FD41 /* Pods_DemoJenkins.framework */ = {isa = PBXFileReference; explicitFileType = wrapper.framework; includeInIndex = 0; path = Pods_DemoJenkins.framework; sourceTree = BUILT_PRODUCTS_DIR; };
/* End PBXFileReference section */

/* Begin PBXFrameworksBuildPhase section */
		04F169362AB42E080045E303 /* Frameworks */ = {
			isa = PBXFrameworksBuildPhase;
			buildActionMask = 2147483647;
			files = (
				2CBE4155433FBD4EC8532606 /* Pods_DemoJenkins.framework in Frameworks */,
			);
			runOnlyForDeploymentPostprocessing = 0;
		};
/* End PBXFrameworksBuildPhase section */

/* Begin PBXGroup section */
		04F169302AB42E080045E303 = {
			isa = PBXGroup;
			children = (
				04F1693B2AB42E080045E303 /* DemoJenkins */,
				04F1693A2AB42E080045E303 /* Products */,
				310A7F56EE895BC372CD0B0B /* Pods */,
				4C68FE2E85C906210CBA5EDE /* Frameworks */,
			);
			sourceTree = "<group>";
		};
		04F1693A2AB42E080045E303 /* Products */ = {
			isa = PBXGroup;
			children = (
				04F169392AB42E080045E303 /* DemoJenkins.app */,
			);
			name = Products;
			sourceTree = "<group>";
		};
		04F1693B2AB42E080045E303 /* DemoJenkins */ = {
			isa = PBXGroup;
			children = (
				04F1693C2AB42E080045E303 /* AppDelegate.swift */,
				04F1693E2AB42E080045E303 /* SceneDelegate.swift */,
				04F169402AB42E080045E303 /* ViewController.swift */,
				04F169422AB42E080045E303 /* Main.storyboard */,
				04F169452AB42E0A0045E303 /* Assets.xcassets */,
				04F169472AB42E0A0045E303 /* LaunchScreen.storyboard */,
				04F1694A2AB42E0A0045E303 /* Info.plist */,
			);
			path = DemoJenkins;
			sourceTree = "<group>";
		};
		310A7F56EE895BC372CD0B0B /* Pods */ = {
			isa = PBXGroup;
			children = (
				484F7A581E6E6B24EA75F8B2 /* Pods-DemoJenkins.debug.xcconfig */,
				067E7776EBE11D35D9A9E398 /* Pods-DemoJenkins.release.xcconfig */,
			);
			path = Pods;
			sourceTree = "<group>";
		};
		4C68FE2E85C906210CBA5EDE /* Frameworks */ = {
			isa = PBXGroup;
			children = (
				8FF8C6A0DB0A4BEFCE97FD41 /* Pods_DemoJenkins.framework */,
			);
			name = Frameworks;
			sourceTree = "<group>";
		};
/* End PBXGroup section */

/* Begin PBXNativeTarget section */
		04F169382AB42E080045E303 /* DemoJenkins */ = {
			isa = PBXNativeTarget;
			buildConfigurationList = 04F1694D2AB42E0A0045E303 /* Build configuration list for PBXNativeTarget "DemoJenkins" */;
			buildPhases = (
				BB20B1EF27BB8CBD2D9DA9BA /* [CP] Check Pods Manifest.lock */,
				04F169352AB42E080045E303 /* Sources */,
				04F169362AB42E080045E303 /* Frameworks */,
				04F169372AB42E080045E303 /* Resources */,
			);
			buildRules = (
			);
			dependencies = (
			);
			name = DemoJenkins;
			productName = DemoJenkins;
			productReference = 04F169392AB42E080045E303 /* DemoJenkins.app */;
			productType = "com.apple.product-type.application";
		};
/* End PBXNativeTarget section */

/* Begin PBXProject section */
		04F169312AB42E080045E303 /* Project object */ = {
			isa = PBXProject;
			attributes = {
				BuildIndependentTargetsInParallel = 1;
				LastSwiftUpdateCheck = 1430;
				LastUpgradeCheck = 1430;
				TargetAttributes = {
					04F169382AB42E080045E303 = {
						CreatedOnToolsVersion = 14.3.1;
					};
				};
			};
			buildConfigurationList = 04F169342AB42E080045E303 /* Build configuration list for PBXProject "DemoJenkins" */;
			compatibilityVersion = "Xcode 13.0";
			developmentRegion = en;
			hasScannedForEncodings = 0;
			knownRegions = (
				en,
				Base,
			);
			mainGroup = 04F169302AB42E080045E303;
			productRefGroup = 04F1693A2AB42E080045E303 /* Products */;
			projectDirPath = "";
			projectRoot = "";
			targets = (
				04F169382AB42E080045E303 /* DemoJenkins */,
			);
		};
/* End PBXProject section */

/* Begin PBXResourcesBuildPhase section */
		04F169372AB42E080045E303 /* Resources */ = {
			isa = PBXResourcesBuildPhase;
			buildActionMask = 2147483647;
			files = (
				04F169492AB42E0A0045E303 /* LaunchScreen.storyboard in Resources */,
				04F169462AB42E0A0045E303 /* Assets.xcassets in Resources */,
				04F169442AB42E080045E303 /* Main.storyboard in Resources */,
			);
			runOnlyForDeploymentPostprocessing = 0;
		};
/* End PBXResourcesBuildPhase section */

/* Begin PBXShellScriptBuildPhase section */
		BB20B1EF27BB8CBD2D9DA9BA /* [CP] Check Pods Manifest.lock */ = {
			isa = PBXShellScriptBuildPhase;
			buildActionMask = 2147483647;
			files = (
			);
			inputFileListPaths = (
			);
			inputPaths = (
				"${PODS_PODFILE_DIR_PATH}/Podfile.lock",
				"${PODS_ROOT}/Manifest.lock",
			);
			name = "[CP] Check Pods Manifest.lock";
			outputFileListPaths = (
			);
			outputPaths = (
				"$(DERIVED_FILE_DIR)/Pods-DemoJenkins-checkManifestLockResult.txt",
			);
			runOnlyForDeploymentPostprocessing = 0;
			shellPath = /bin/sh;
			shellScript = "diff \"${PODS_PODFILE_DIR_PATH}/Podfile.lock\" \"${PODS_ROOT}/Manifest.lock\" > /dev/null\nif [ $? != 0 ] ; then\n    # print error to STDERR\n    echo \"error: The sandbox is not in sync with the Podfile.lock. Run 'pod install' or update your CocoaPods installation.\" >&2\n    exit 1\nfi\n# This output is used by Xcode 'outputs' to avoid re-running this script phase.\necho \"SUCCESS\" > \"${SCRIPT_OUTPUT_FILE_0}\"\n";
			showEnvVarsInLog = 0;
		};
/* End PBXShellScriptBuildPhase section */

/* Begin PBXSourcesBuildPhase section */
		04F169352AB42E080045E303 /* Sources */ = {
			isa = PBXSourcesBuildPhase;
			buildActionMask = 2147483647;
			files = (
				04F169412AB42E080045E303 /* ViewController.swift in Sources */,
				04F1693D2AB42E080045E303 /* AppDelegate.swift in Sources */,
				04F1693F2AB42E080045E303 /* SceneDelegate.swift in Sources */,
			);
			runOnlyForDeploymentPostprocessing = 0;
		};
/* End PBXSourcesBuildPhase section */

/* Begin PBXVariantGroup section */
		04F169422AB42E080045E303 /* Main.storyboard */ = {
			isa = PBXVariantGroup;
			children = (
				04F169432AB42E080045E303 /* Base */,
			);
			name = Main.storyboard;
			sourceTree = "<group>";
		};
		04F169472AB42E0A0045E303 /* LaunchScreen.storyboard */ = {
			isa = PBXVariantGroup;
			children = (
				04F169482AB42E0A0045E303 /* Base */,
			);
			name = LaunchScreen.storyboard;
			sourceTree = "<group>";
		};
/* End PBXVariantGroup section */

/* Begin XCBuildConfiguration section */
		04F1694B2AB42E0A0045E303 /* Debug */ = {
			isa = XCBuildConfiguration;
			buildSettings = {
				ALWAYS_SEARCH_USER_PATHS = NO;
				CLANG_ANALYZER_NONNULL = YES;
				CLANG_ANALYZER_NUMBER_OBJECT_CONVERSION = YES_AGGRESSIVE;
				CLANG_CXX_LANGUAGE_STANDARD = "gnu++20";
				CLANG_ENABLE_MODULES = YES;
				CLANG_ENABLE_OBJC_ARC = YES;
				CLANG_ENABLE_OBJC_WEAK = YES;
				CLANG_WARN_BLOCK_CAPTURE_AUTORELEASING = YES;
				CLANG_WARN_BOOL_CONVERSION = YES;
				CLANG_WARN_COMMA = YES;
				CLANG_WARN_CONSTANT_CONVERSION = YES;
				CLANG_WARN_DEPRECATED_OBJC_IMPLEMENTATIONS = YES;
				CLANG_WARN_DIRECT_OBJC_ISA_USAGE = YES_ERROR;
				CLANG_WARN_DOCUMENTATION_COMMENTS = YES;
				CLANG_WARN_EMPTY_BODY = YES;
				CLANG_WARN_ENUM_CONVERSION = YES;
				CLANG_WARN_INFINITE_RECURSION = YES;
				CLANG_WARN_INT_CONVERSION = YES;
				CLANG_WARN_NON_LITERAL_NULL_CONVERSION = YES;
				CLANG_WARN_OBJC_IMPLICIT_RETAIN_SELF = YES;
				CLANG_WARN_OBJC_LITERAL_CONVERSION = YES;
				CLANG_WARN_OBJC_ROOT_CLASS = YES_ERROR;
				CLANG_WARN_QUOTED_INCLUDE_IN_FRAMEWORK_HEADER = YES;
				CLANG_WARN_RANGE_LOOP_ANALYSIS = YES;
				CLANG_WARN_STRICT_PROTOTYPES = YES;
				CLANG_WARN_SUSPICIOUS_MOVE = YES;
				CLANG_WARN_UNGUARDED_AVAILABILITY = YES_AGGRESSIVE;
				CLANG_WARN_UNREACHABLE_CODE = YES;
				CLANG_WARN__DUPLICATE_METHOD_MATCH = YES;
				COPY_PHASE_STRIP = NO;
				DEBUG_INFORMATION_FORMAT = dwarf;
				ENABLE_STRICT_OBJC_MSGSEND = YES;
				ENABLE_TESTABILITY = YES;
				GCC_C_LANGUAGE_STANDARD = gnu11;
				GCC_DYNAMIC_NO_PIC = NO;
				GCC_NO_COMMON_BLOCKS = YES;
				GCC_OPTIMIZATION_LEVEL = 0;
				GCC_PREPROCESSOR_DEFINITIONS = (
					"DEBUG=1",
					"$(inherited)",
				);
				GCC_WARN_64_TO_32_BIT_CONVERSION = YES;
				GCC_WARN_ABOUT_RETURN_TYPE = YES_ERROR;
				GCC_WARN_UNDECLARED_SELECTOR = YES;
				GCC_WARN_UNINITIALIZED_AUTOS = YES_AGGRESSIVE;
				GCC_WARN_UNUSED_FUNCTION = YES;
				GCC_WARN_UNUSED_VARIABLE = YES;
				IPHONEOS_DEPLOYMENT_TARGET = 16.4;
				MTL_ENABLE_DEBUG_INFO = INCLUDE_SOURCE;
				MTL_FAST_MATH = YES;
				ONLY_ACTIVE_ARCH = YES;
				SDKROOT = iphoneos;
				SWIFT_ACTIVE_COMPILATION_CONDITIONS = DEBUG;
				SWIFT_OPTIMIZATION_LEVEL = "-Onone";
			};
			name = Debug;
		};
		04F1694C2AB42E0A0045E303 /* Release */ = {
			isa = XCBuildConfiguration;
			buildSettings = {
				ALWAYS_SEARCH_USER_PATHS = NO;
				CLANG_ANALYZER_NONNULL = YES;
				CLANG_ANALYZER_NUMBER_OBJECT_CONVERSION = YES_AGGRESSIVE;
				CLANG_CXX_LANGUAGE_STANDARD = "gnu++20";
				CLANG_ENABLE_MODULES = YES;
				CLANG_ENABLE_OBJC_ARC = YES;
				CLANG_ENABLE_OBJC_WEAK = YES;
				CLANG_WARN_BLOCK_CAPTURE_AUTORELEASING = YES;
				CLANG_WARN_BOOL_CONVERSION = YES;
				CLANG_WARN_COMMA = YES;
				CLANG_WARN_CONSTANT_CONVERSION = YES;
				CLANG_WARN_DEPRECATED_OBJC_IMPLEMENTATIONS = YES;
				CLANG_WARN_DIRECT_OBJC_ISA_USAGE = YES_ERROR;
				CLANG_WARN_DOCUMENTATION_COMMENTS = YES;
				CLANG_WARN_EMPTY_BODY = YES;
				CLANG_WARN_ENUM_CONVERSION = YES;
				CLANG_WARN_INFINITE_RECURSION = YES;
				CLANG_WARN_INT_CONVERSION = YES;
				CLANG_WARN_NON_LITERAL_NULL_CONVERSION = YES;
				CLANG_WARN_OBJC_IMPLICIT_RETAIN_SELF = YES;
				CLANG_WARN_OBJC_LITERAL_CONVERSION = YES;
				CLANG_WARN_OBJC_ROOT_CLASS = YES_ERROR;
				CLANG_WARN_QUOTED_INCLUDE_IN_FRAMEWORK_HEADER = YES;
				CLANG_WARN_RANGE_LOOP_ANALYSIS = YES;
				CLANG_WARN_STRICT_PROTOTYPES = YES;
				CLANG_WARN_SUSPICIOUS_MOVE = YES;
				CLANG_WARN_UNGUARDED_AVAILABILITY = YES_AGGRESSIVE;
				CLANG_WARN_UNREACHABLE_CODE = YES;
				CLANG_WARN__DUPLICATE_METHOD_MATCH = YES;
				COPY_PHASE_STRIP = NO;
				DEBUG_INFORMATION_FORMAT = "dwarf-with-dsym";
				ENABLE_NS_ASSERTIONS = NO;
				ENABLE_STRICT_OBJC_MSGSEND = YES;
				GCC_C_LANGUAGE_STANDARD = gnu11;
				GCC_NO_COMMON_BLOCKS = YES;
				GCC_WARN_64_TO_32_BIT_CONVERSION = YES;
				GCC_WARN_ABOUT_RETURN_TYPE = YES_ERROR;
				GCC_WARN_UNDECLARED_SELECTOR = YES;
				GCC_WARN_UNINITIALIZED_AUTOS = YES_AGGRESSIVE;
				GCC_WARN_UNUSED_FUNCTION = YES;
				GCC_WARN_UNUSED_VARIABLE = YES;
				IPHONEOS_DEPLOYMENT_TARGET = 16.4;
				MTL_ENABLE_DEBUG_INFO = NO;
				MTL_FAST_MATH = YES;
				SDKROOT = iphoneos;
				SWIFT_COMPILATION_MODE = wholemodule;
				SWIFT_OPTIMIZATION_LEVEL = "-O";
				VALIDATE_PRODUCT = YES;
			};
			name = Release;
		};
		04F1694E2AB42E0A0045E303 /* Debug */ = {
			isa = XCBuildConfiguration;
			baseConfigurationReference = 484F7A581E6E6B24EA75F8B2 /* Pods-DemoJenkins.debug.xcconfig */;
			buildSettings = {
				ASSETCATALOG_COMPILER_APPICON_NAME = AppIcon;
				ASSETCATALOG_COMPILER_GLOBAL_ACCENT_COLOR_NAME = AccentColor;
				CODE_SIGN_STYLE = Automatic;
				CURRENT_PROJECT_VERSION = 1;
				DEVELOPMENT_TEAM = PDN23JTZF7;
				GENERATE_INFOPLIST_FILE = YES;
				INFOPLIST_FILE = DemoJenkins/Info.plist;
				INFOPLIST_KEY_UIApplicationSupportsIndirectInputEvents = YES;
				INFOPLIST_KEY_UILaunchStoryboardName = LaunchScreen;
				INFOPLIST_KEY_UIMainStoryboardFile = Main;
				INFOPLIST_KEY_UISupportedInterfaceOrientations_iPad = "UIInterfaceOrientationPortrait UIInterfaceOrientationPortraitUpsideDown UIInterfaceOrientationLandscapeLeft UIInterfaceOrientationLandscapeRight";
				INFOPLIST_KEY_UISupportedInterfaceOrientations_iPhone = "UIInterfaceOrientationPortrait UIInterfaceOrientationLandscapeLeft UIInterfaceOrientationLandscapeRight";
				LD_RUNPATH_SEARCH_PATHS = (
					"$(inherited)",
					"@executable_path/Frameworks",
				);
				MARKETING_VERSION = 1.0;
				PRODUCT_BUNDLE_IDENTIFIER = com.app.DemoJenkins;
				PRODUCT_NAME = "$(TARGET_NAME)";
				SWIFT_EMIT_LOC_STRINGS = YES;
				SWIFT_VERSION = 5.0;
				TARGETED_DEVICE_FAMILY = "1,2";
			};
			name = Debug;
		};
		04F1694F2AB42E0A0045E303 /* Release */ = {
			isa = XCBuildConfiguration;
			baseConfigurationReference = 067E7776EBE11D35D9A9E398 /* Pods-DemoJenkins.release.xcconfig */;
			buildSettings = {
				ASSETCATALOG_COMPILER_APPICON_NAME = AppIcon;
				ASSETCATALOG_COMPILER_GLOBAL_ACCENT_COLOR_NAME = AccentColor;
				CODE_SIGN_STYLE = Automatic;
				CURRENT_PROJECT_VERSION = 1;
				DEVELOPMENT_TEAM = PDN23JTZF7;
				GENERATE_INFOPLIST_FILE = YES;
				INFOPLIST_FILE = DemoJenkins/Info.plist;
				INFOPLIST_KEY_UIApplicationSupportsIndirectInputEvents = YES;
				INFOPLIST_KEY_UILaunchStoryboardName = LaunchScreen;
				INFOPLIST_KEY_UIMainStoryboardFile = Main;
				INFOPLIST_KEY_UISupportedInterfaceOrientations_iPad = "UIInterfaceOrientationPortrait UIInterfaceOrientationPortraitUpsideDown UIInterfaceOrientationLandscapeLeft UIInterfaceOrientationLandscapeRight";
				INFOPLIST_KEY_UISupportedInterfaceOrientations_iPhone = "UIInterfaceOrientationPortrait UIInterfaceOrientationLandscapeLeft UIInterfaceOrientationLandscapeRight";
				LD_RUNPATH_SEARCH_PATHS = (
					"$(inherited)",
					"@executable_path/Frameworks",
				);
				MARKETING_VERSION = 1.0;
				PRODUCT_BUNDLE_IDENTIFIER = com.app.DemoJenkins;
				PRODUCT_NAME = "$(TARGET_NAME)";
				SWIFT_EMIT_LOC_STRINGS = YES;
				SWIFT_VERSION = 5.0;
				TARGETED_DEVICE_FAMILY = "1,2";
			};
			name = Release;
		};
/* End XCBuildConfiguration section */

/* Begin XCConfigurationList section */
		04F169342AB42E080045E303 /* Build configuration list for PBXProject "DemoJenkins" */ = {
			isa = XCConfigurationList;
			buildConfigurations = (
				04F1694B2AB42E0A0045E303 /* Debug */,
				04F1694C2AB42E0A0045E303 /* Release */,
			);
			defaultConfigurationIsVisible = 0;
			defaultConfigurationName = Release;
		};
		04F1694D2AB42E0A0045E303 /* Build configuration list for PBXNativeTarget "DemoJenkins" */ = {
			isa = XCConfigurationList;
			buildConfigurations = (
				04F1694E2AB42E0A0045E303 /* Debug */,
				04F1694F2AB42E0A0045E303 /* Release */,
			);
			defaultConfigurationIsVisible = 0;
			defaultConfigurationName = Release;
		};
/* End XCConfigurationList section */
	};
	rootObject = 04F169312AB42E080045E303 /* Project object */;
}
